# This file is automatically @generated by Cargo.
# It is not intended for manual editing.
[[package]]
name = "Helloworldsampleenclave"
version = "1.0.0"
dependencies = [
 "hex",
 "openssl",
 "rustc-serialize",
 "rusty-machine",
 "serde",
 "serde_cbor",
 "serde_json",
 "sgx_rand",
 "sgx_tcrypto",
 "sgx_tcrypto_helper",
 "sgx_tkey_exchange",
 "sgx_tprotected_fs",
 "sgx_trts",
 "sgx_tse",
 "sgx_tseal",
 "sgx_tstd",
 "sgx_types",
]

[[package]]
name = "autocfg"
version = "0.1.7"
source = "registry+https://github.com/rust-lang/crates.io-index"
checksum = "1d49d90015b3c36167a20fe2810c5cd875ad504b39cff3d4eae7977e6b7c1cb2"

[[package]]
name = "autocfg"
version = "1.0.1"
source = "registry+https://github.com/rust-lang/crates.io-index"
checksum = "cdb031dd78e28731d87d56cc8ffef4a8f36ca26c38fe2de700543e627f8a464a"

[[package]]
name = "bitflags"
version = "1.2.1"
source = "registry+https://github.com/rust-lang/crates.io-index"
checksum = "cf1de2fe8c75bc145a2f577add951f8134889b4795d47466a54a5c846d691693"

[[package]]
name = "cc"
version = "1.0.68"
source = "registry+https://github.com/rust-lang/crates.io-index"
checksum = "4a72c244c1ff497a746a7e1fb3d14bd08420ecda70c8f25c7112f2781652d787"

[[package]]
name = "cfg-if"
version = "1.0.0"
source = "registry+https://github.com/rust-lang/crates.io-index"
checksum = "baf1de4339761588bc0619e3cbc0120ee582ebb74b53b4efbf79117bd2da40fd"

[[package]]
name = "either"
version = "1.6.1"
source = "registry+https://github.com/rust-lang/crates.io-index"
checksum = "e78d4f1cc4ae33bbfc157ed5d5a5ef3bc29227303d595861deb238fcec4e9457"

[[package]]
name = "foreign-types"
version = "0.3.2"
source = "registry+https://github.com/rust-lang/crates.io-index"
checksum = "f6f339eb8adc052cd2ca78910fda869aefa38d22d5cb648e6485e4d3fc06f3b1"
dependencies = [
 "foreign-types-shared",
]

[[package]]
name = "foreign-types-shared"
version = "0.1.1"
source = "registry+https://github.com/rust-lang/crates.io-index"
checksum = "00b0228411908ca8685dba7fc2cdd70ec9990a6e753e89b6ac91a84c40fbaf4b"

[[package]]
name = "half"
version = "1.7.1"
source = "registry+https://github.com/rust-lang/crates.io-index"
checksum = "62aca2aba2d62b4a7f5b33f3712cb1b0692779a56fb510499d5c0aa594daeaf3"

[[package]]
name = "hashbrown_tstd"
version = "0.9.0"

[[package]]
name = "hex"
version = "0.4.0"
source = "git+https://github.com/mesalock-linux/rust-hex-sgx#ee3266cd29b9f9c2eb69af9487f55c4f09c38f2b"
dependencies = [
 "sgx_tstd",
]

[[package]]
name = "itertools"
version = "0.10.0"
source = "registry+https://github.com/rust-lang/crates.io-index"
checksum = "37d572918e350e82412fe766d24b15e6682fb2ed2bbe018280caa810397cb319"
dependencies = [
 "either",
]

[[package]]
name = "itoa"
version = "0.4.5"
source = "git+https://github.com/mesalock-linux/itoa-sgx#295ee451f5ec74f25c299552b481beb445ea3eb7"
dependencies = [
 "sgx_tstd",
]

[[package]]
name = "libc"
version = "0.2.95"
source = "registry+https://github.com/rust-lang/crates.io-index"
checksum = "789da6d93f1b866ffe175afc5322a4d76c038605a1c3319bb57b06967ca98a36"

[[package]]
name = "matrixmultiply"
version = "0.2.3"
source = "git+https://github.com/mesalock-linux/matrixmultiply-sgx#de5ff66d3bf592cd747868ae7cd89a421a2b09fe"
dependencies = [
 "rawpointer",
 "sgx_tstd",
]

[[package]]
name = "num"
version = "0.2.0"
source = "git+https://github.com/mesalock-linux/num-sgx#22645415542cc67551890dfdd34f4d5638b9ec78"
dependencies = [
 "num-bigint",
 "num-complex",
 "num-integer",
 "num-iter",
 "num-rational",
 "num-traits",
]

[[package]]
name = "num-bigint"
version = "0.2.5"
source = "git+https://github.com/mesalock-linux/num-bigint-sgx#76a5bed94dc31c32bd1670dbf72877abcf9bbc09"
dependencies = [
 "autocfg 1.0.1",
 "num-integer",
 "num-traits",
 "sgx_tstd",
]

[[package]]
name = "num-complex"
version = "0.2.3"
source = "git+https://github.com/mesalock-linux/num-complex-sgx#19700ad6de079ebc5560db472c282d1591e0d84f"
dependencies = [
 "autocfg 0.1.7",
 "num-traits",
 "sgx_tstd",
]

[[package]]
name = "num-integer"
version = "0.1.41"
source = "git+https://github.com/mesalock-linux/num-integer-sgx#404c50e5378ca635261688b080dee328ff42b6bd"
dependencies = [
 "autocfg 0.1.7",
 "num-traits",
 "sgx_tstd",
]

[[package]]
name = "num-iter"
version = "0.1.39"
source = "git+https://github.com/mesalock-linux/num-iter-sgx#f19fc44fcad0b82a040e5a24c511e5049cc04b60"
dependencies = [
 "num-integer",
 "num-traits",
 "sgx_tstd",
]

[[package]]
name = "num-rational"
version = "0.2.2"
source = "git+https://github.com/mesalock-linux/num-rational-sgx#be65f9ce439f3c9ec850d8041635ab6c3309b816"
dependencies = [
 "autocfg 0.1.7",
 "num-bigint",
 "num-integer",
 "num-traits",
 "sgx_tstd",
]

[[package]]
name = "num-traits"
version = "0.2.10"
source = "git+https://github.com/mesalock-linux/num-traits-sgx#af046e0b15c594c960007418097dd4ff37ec3f7a"
dependencies = [
 "autocfg 0.1.7",
 "sgx_tstd",
]

[[package]]
name = "once_cell"
version = "1.7.2"
source = "registry+https://github.com/rust-lang/crates.io-index"
checksum = "af8b08b04175473088b46763e51ee54da5f9a164bc162f615b91bc179dbf15a3"

[[package]]
name = "openssl"
version = "0.10.34"
source = "registry+https://github.com/rust-lang/crates.io-index"
checksum = "6d7830286ad6a3973c0f1d9b73738f69c76b739301d0229c4b96501695cbe4c8"
dependencies = [
 "bitflags",
 "cfg-if",
 "foreign-types",
 "libc",
 "once_cell",
 "openssl-sys",
]

[[package]]
name = "openssl-src"
version = "111.15.0+1.1.1k"
source = "registry+https://github.com/rust-lang/crates.io-index"
checksum = "b1a5f6ae2ac04393b217ea9f700cd04fa9bf3d93fae2872069f3d15d908af70a"
dependencies = [
 "cc",
]

[[package]]
name = "openssl-sys"
version = "0.9.63"
source = "registry+https://github.com/rust-lang/crates.io-index"
checksum = "b6b0d6fb7d80f877617dfcb014e605e2b5ab2fb0afdf27935219bb6bd984cb98"
dependencies = [
 "autocfg 1.0.1",
 "cc",
 "libc",
 "openssl-src",
 "pkg-config",
 "vcpkg",
]

[[package]]
name = "pkg-config"
version = "0.3.19"
source = "registry+https://github.com/rust-lang/crates.io-index"
checksum = "3831453b3449ceb48b6d9c7ad7c96d5ea673e9b470a1dc578c2ce6521230884c"

[[package]]
name = "proc-macro2"
version = "1.0.27"
source = "registry+https://github.com/rust-lang/crates.io-index"
checksum = "f0d8caf72986c1a598726adc988bb5984792ef84f5ee5aa50209145ee8077038"
dependencies = [
 "unicode-xid",
]

[[package]]
name = "quote"
version = "1.0.9"
source = "registry+https://github.com/rust-lang/crates.io-index"
checksum = "c3d0b9745dc2debf507c8422de05d7226cc1f0644216dfdfead988f9b1ab32a7"
dependencies = [
 "proc-macro2",
]

[[package]]
name = "rawpointer"
version = "0.2.1"
source = "registry+https://github.com/rust-lang/crates.io-index"
checksum = "60a357793950651c4ed0f3f52338f53b2f809f32d83a07f72909fa13e4c6c1e3"

[[package]]
name = "rulinalg"
version = "0.4.2"
source = "git+https://github.com/mesalock-linux/rulinalg-sgx#36f12b4838597f32473ed2f360fc5fdd6eb0f421"
dependencies = [
 "matrixmultiply",
 "num",
 "serde",
 "serde_derive",
 "sgx_tstd",
]

[[package]]
name = "rustc-serialize"
version = "0.3.24"
source = "git+https://github.com/mesalock-linux/rustc-serialize-sgx#674da51fd201667546d2b88c7c166fc99fe23374"
dependencies = [
 "sgx_tstd",
]

[[package]]
name = "rusty-machine"
version = "0.5.4"
source = "git+https://github.com/mesalock-linux/rusty-machine-sgx#f8f5de3d3f35b30fde6ce1be2e7dceab06fc92fa"
dependencies = [
 "num",
 "rulinalg",
 "serde",
 "serde_derive",
 "sgx_rand",
 "sgx_tstd",
]

[[package]]
name = "ryu"
version = "1.0.5"
source = "registry+https://github.com/rust-lang/crates.io-index"
checksum = "71d301d4193d031abdd79ff7e3dd721168a9572ef3fe51a1517aba235bd8f86e"

[[package]]
name = "serde"
version = "1.0.118"
source = "git+https://github.com/mesalock-linux/serde-sgx#db0226f1d5d70fca6b96af2c285851502204e21c"
dependencies = [
 "serde_derive",
 "sgx_tstd",
]

[[package]]
name = "serde-big-array"
version = "0.3.0"
source = "git+https://github.com/mesalock-linux/serde-big-array-sgx#94122c5167aee38b39b09a620a60db2c28cf7428"
dependencies = [
 "serde",
 "serde_derive",
]

[[package]]
name = "serde_cbor"
version = "0.11.1"
source = "git+https://github.com/mesalock-linux/cbor-sgx#64211d5d095bc0e39259de45f6e88f78d8de77fb"
dependencies = [
 "half",
 "serde",
 "sgx_tstd",
]

[[package]]
name = "serde_derive"
version = "1.0.118"
source = "git+https://github.com/mesalock-linux/serde-sgx#db0226f1d5d70fca6b96af2c285851502204e21c"
dependencies = [
 "proc-macro2",
 "quote",
 "syn",
]

[[package]]
name = "serde_json"
version = "1.0.60"
source = "git+https://github.com/mesalock-linux/serde-json-sgx#380893814ad2a057758d825bab798aa117f7362a"
dependencies = [
 "itoa",
 "ryu",
 "serde",
 "sgx_tstd",
]

[[package]]
name = "sgx_alloc"
version = "1.1.3"

[[package]]
name = "sgx_backtrace_sys"
version = "1.1.3"
dependencies = [
 "cc",
 "sgx_build_helper",
 "sgx_libc",
]

[[package]]
name = "sgx_build_helper"
version = "0.1.3"

[[package]]
name = "sgx_crypto_helper"
version = "1.1.3"
dependencies = [
 "itertools",
 "serde",
 "serde-big-array",
 "serde_derive",
 "sgx_tcrypto",
 "sgx_tstd",
 "sgx_types",
]

[[package]]
name = "sgx_demangle"
version = "1.1.3"

[[package]]
name = "sgx_libc"
version = "1.1.3"
dependencies = [
 "sgx_types",
]

[[package]]
name = "sgx_rand"
version = "1.1.3"
dependencies = [
 "sgx_trts",
 "sgx_tstd",
 "sgx_types",
]

[[package]]
name = "sgx_tcrypto"
version = "1.1.3"
dependencies = [
 "sgx_types",
]

[[package]]
name = "sgx_tcrypto_helper"
version = "1.1.3"
source = "git+https://github.com/apache/teaclave-sgx-sdk.git?rev=v1.1.3#a6a172e652b4db4eaa17e4faa078fda8922abdd0"
dependencies = [
 "sgx_crypto_helper",
]

[[package]]
name = "sgx_tkey_exchange"
version = "1.1.3"
dependencies = [
 "sgx_types",
]

[[package]]
name = "sgx_tprotected_fs"
version = "1.1.3"
dependencies = [
 "sgx_trts",
 "sgx_types",
]

[[package]]
name = "sgx_trts"
version = "1.1.3"
dependencies = [
 "sgx_libc",
 "sgx_types",
]

[[package]]
name = "sgx_tse"
version = "1.1.3"
dependencies = [
 "sgx_types",
]

[[package]]
name = "sgx_tseal"
version = "1.1.3"
dependencies = [
 "sgx_tcrypto",
 "sgx_trts",
 "sgx_tse",
 "sgx_types",
]

[[package]]
name = "sgx_tstd"
version = "1.1.3"
dependencies = [
 "hashbrown_tstd",
 "sgx_alloc",
 "sgx_backtrace_sys",
 "sgx_demangle",
 "sgx_libc",
 "sgx_tprotected_fs",
 "sgx_trts",
 "sgx_types",
 "sgx_unwind",
]

[[package]]
name = "sgx_types"
version = "1.1.3"

[[package]]
name = "sgx_unwind"
version = "0.1.1"
dependencies = [
 "sgx_build_helper",
]

[[package]]
name = "syn"
version = "1.0.72"
source = "registry+https://github.com/rust-lang/crates.io-index"
checksum = "a1e8cdbefb79a9a5a65e0db8b47b723ee907b7c7f8496c76a1770b5c310bab82"
dependencies = [
 "proc-macro2",
 "quote",
 "unicode-xid",
]

[[package]]
name = "unicode-xid"
version = "0.2.2"
source = "registry+https://github.com/rust-lang/crates.io-index"
checksum = "8ccb82d61f80a663efe1f787a51b16b5a51e3314d6ac365b08639f52387b33f3"

[[package]]
name = "vcpkg"
version = "0.2.13"
source = "registry+https://github.com/rust-lang/crates.io-index"
checksum = "025ce40a007e1907e58d5bc1a594def78e5573bb0b1160bc389634e8f12e4faa"

[[patch.unused]]
name = "sgx_cov"
version = "1.1.3"

[[patch.unused]]
name = "sgx_rand_derive"
version = "1.1.3"

[[patch.unused]]
name = "sgx_serialize"
version = "1.1.3"

[[patch.unused]]
name = "sgx_serialize_derive"
version = "1.1.3"

[[patch.unused]]
name = "sgx_serialize_derive_internals"
version = "1.1.3"

[[patch.unused]]
name = "sgx_tdh"
version = "1.1.3"

[[patch.unused]]
name = "sgx_tunittest"
version = "1.1.3"

[[patch.unused]]
name = "sgx_ucrypto"
version = "1.1.3"

[[patch.unused]]
name = "sgx_urts"
version = "1.1.3"
